// !$*UTF8*$!
{
	archiveVersion = 1;
	classes = {
	};
	objectVersion = 46;
	objects = {

/* Begin PBXBuildFile section */
		C9014B2C1AD0EFF2006BED3B /* AppDelegate.m in Sources */ = {isa = PBXBuildFile; fileRef = C9014B2B1AD0EFF2006BED3B /* AppDelegate.m */; };
		C9014B2E1AD0EFF2006BED3B /* main.m in Sources */ = {isa = PBXBuildFile; fileRef = C9014B2D1AD0EFF2006BED3B /* main.m */; };
		C9014B301AD0EFF2006BED3B /* Images.xcassets in Resources */ = {isa = PBXBuildFile; fileRef = C9014B2F1AD0EFF2006BED3B /* Images.xcassets */; };
		C9014B331AD0EFF2006BED3B /* MainMenu.xib in Resources */ = {isa = PBXBuildFile; fileRef = C9014B311AD0EFF2006BED3B /* MainMenu.xib */; };
		C9014B3F1AD0EFF2006BED3B /* Key_Press_TestTests.m in Sources */ = {isa = PBXBuildFile; fileRef = C9014B3E1AD0EFF2006BED3B /* Key_Press_TestTests.m */; };
/* End PBXBuildFile section */

/* Begin PBXContainerItemProxy section */
		C9014B391AD0EFF2006BED3B /* PBXContainerItemProxy */ = {
			isa = PBXContainerItemProxy;
			containerPortal = C9014B1D1AD0EFF2006BED3B /* Project object */;
			proxyType = 1;
			remoteGlobalIDString = C9014B241AD0EFF2006BED3B;
			remoteInfo = "Key Press Test";
		};
/* End PBXContainerItemProxy section */

/* Begin PBXFileReference section */
		C9014B251AD0EFF2006BED3B /* League Ultimate Caster.app */ = {isa = PBXFileReference; explicitFileType = wrapper.application; includeInIndex = 0; path = "League Ultimate Caster.app"; sourceTree = BUILT_PRODUCTS_DIR; };
		C9014B291AD0EFF2006BED3B /* Info.plist */ = {isa = PBXFileReference; lastKnownFileType = text.plist.xml; path = Info.plist; sourceTree = "<group>"; };
		C9014B2A1AD0EFF2006BED3B /* AppDelegate.h */ = {isa = PBXFileReference; lastKnownFileType = sourcecode.c.h; path = AppDelegate.h; sourceTree = "<group>"; };
		C9014B2B1AD0EFF2006BED3B /* AppDelegate.m */ = {isa = PBXFileReference; lastKnownFileType = sourcecode.c.objc; path = AppDelegate.m; sourceTree = "<group>"; };
		C9014B2D1AD0EFF2006BED3B /* main.m */ = {isa = PBXFileReference; lastKnownFileType = sourcecode.c.objc; path = main.m; sourceTree = "<group>"; };
		C9014B2F1AD0EFF2006BED3B /* Images.xcassets */ = {isa = PBXFileReference; lastKnownFileType = folder.assetcatalog; path = Images.xcassets; sourceTree = "<group>"; };
		C9014B321AD0EFF2006BED3B /* Base */ = {isa = PBXFileReference; lastKnownFileType = file.xib; name = Base; path = Base.lproj/MainMenu.xib; sourceTree = "<group>"; };
		C9014B381AD0EFF2006BED3B /* League Ultimate CasterTests.xctest */ = {isa = PBXFileReference; explicitFileType = wrapper.cfbundle; includeInIndex = 0; path = "League Ultimate CasterTests.xctest"; sourceTree = BUILT_PRODUCTS_DIR; };
		C9014B3D1AD0EFF2006BED3B /* Info.plist */ = {isa = PBXFileReference; lastKnownFileType = text.plist.xml; path = Info.plist; sourceTree = "<group>"; };
		C9014B3E1AD0EFF2006BED3B /* Key_Press_TestTests.m */ = {isa = PBXFileReference; lastKnownFileType = sourcecode.c.objc; path = Key_Press_TestTests.m; sourceTree = "<group>"; };
/* End PBXFileReference section */

/* Begin PBXFrameworksBuildPhase section */
		C9014B221AD0EFF2006BED3B /* Frameworks */ = {
			isa = PBXFrameworksBuildPhase;
			buildActionMask = 2147483647;
			files = (
			);
			runOnlyForDeploymentPostprocessing = 0;
		};
		C9014B351AD0EFF2006BED3B /* Frameworks */ = {
			isa = PBXFrameworksBuildPhase;
			buildActionMask = 2147483647;
			files = (
			);
			runOnlyForDeploymentPostprocessing = 0;
		};
/* End PBXFrameworksBuildPhase section */

/* Begin PBXGroup section */
		C9014B1C1AD0EFF2006BED3B = {
			isa = PBXGroup;
			children = (
				C9014B271AD0EFF2006BED3B /* Key Press Test */,
				C9014B3B1AD0EFF2006BED3B /* Key Press TestTests */,
				C9014B261AD0EFF2006BED3B /* Products */,
			);
			sourceTree = "<group>";
		};
		C9014B261AD0EFF2006BED3B /* Products */ = {
			isa = PBXGroup;
			children = (
				C9014B251AD0EFF2006BED3B /* League Ultimate Caster.app */,
				C9014B381AD0EFF2006BED3B /* League Ultimate CasterTests.xctest */,
			);
			name = Products;
			sourceTree = "<group>";
		};
		C9014B271AD0EFF2006BED3B /* Key Press Test */ = {
			isa = PBXGroup;
			children = (
				C9014B2A1AD0EFF2006BED3B /* AppDelegate.h */,
				C9014B2B1AD0EFF2006BED3B /* AppDelegate.m */,
				C9014B2F1AD0EFF2006BED3B /* Images.xcassets */,
				C9014B311AD0EFF2006BED3B /* MainMenu.xib */,
				C9014B281AD0EFF2006BED3B /* Supporting Files */,
			);
			path = "Key Press Test";
			sourceTree = "<group>";
		};
		C9014B281AD0EFF2006BED3B /* Supporting Files */ = {
			isa = PBXGroup;
			children = (
				C9014B291AD0EFF2006BED3B /* Info.plist */,
				C9014B2D1AD0EFF2006BED3B /* main.m */,
			);
			name = "Supporting Files";
			sourceTree = "<group>";
		};
		C9014B3B1AD0EFF2006BED3B /* Key Press TestTests */ = {
			isa = PBXGroup;
			children = (
				C9014B3E1AD0EFF2006BED3B /* Key_Press_TestTests.m */,
				C9014B3C1AD0EFF2006BED3B /* Supporting Files */,
			);
			path = "Key Press TestTests";
			sourceTree = "<group>";
		};
		C9014B3C1AD0EFF2006BED3B /* Supporting Files */ = {
			isa = PBXGroup;
			children = (
				C9014B3D1AD0EFF2006BED3B /* Info.plist */,
			);
			name = "Supporting Files";
			sourceTree = "<group>";
		};
/* End PBXGroup section */

/* Begin PBXNativeTarget section */
		C9014B241AD0EFF2006BED3B /* League Ultimate Caster */ = {
			isa = PBXNativeTarget;
			buildConfigurationList = C9014B421AD0EFF2006BED3B /* Build configuration list for PBXNativeTarget "League Ultimate Caster" */;
			buildPhases = (
				C9014B211AD0EFF2006BED3B /* Sources */,
				C9014B221AD0EFF2006BED3B /* Frameworks */,
				C9014B231AD0EFF2006BED3B /* Resources */,
			);
			buildRules = (
			);
			dependencies = (
			);
			name = "League Ultimate Caster";
			productName = "Key Press Test";
			productReference = C9014B251AD0EFF2006BED3B /* League Ultimate Caster.app */;
			productType = "com.apple.product-type.application";
		};
		C9014B371AD0EFF2006BED3B /* League Ultimate CasterTests */ = {
			isa = PBXNativeTarget;
			buildConfigurationList = C9014B451AD0EFF2006BED3B /* Build configuration list for PBXNativeTarget "League Ultimate CasterTests" */;
			buildPhases = (
				C9014B341AD0EFF2006BED3B /* Sources */,
				C9014B351AD0EFF2006BED3B /* Frameworks */,
				C9014B361AD0EFF2006BED3B /* Resources */,
			);
			buildRules = (
			);
			dependencies = (
				C9014B3A1AD0EFF2006BED3B /* PBXTargetDependency */,
			);
			name = "League Ultimate CasterTests";
			productName = "Key Press TestTests";
			productReference = C9014B381AD0EFF2006BED3B /* League Ultimate CasterTests.xctest */;
			productType = "com.apple.product-type.bundle.unit-test";
		};
/* End PBXNativeTarget section */

/* Begin PBXProject section */
		C9014B1D1AD0EFF2006BED3B /* Project object */ = {
			isa = PBXProject;
			attributes = {
				LastUpgradeCheck = 0700;
				ORGANIZATIONNAME = "Matthew French";
				TargetAttributes = {
					C9014B241AD0EFF2006BED3B = {
						CreatedOnToolsVersion = 6.2;
					};
					C9014B371AD0EFF2006BED3B = {
						CreatedOnToolsVersion = 6.2;
						TestTargetID = C9014B241AD0EFF2006BED3B;
					};
				};
			};
			buildConfigurationList = C9014B201AD0EFF2006BED3B /* Build configuration list for PBXProject "League Ultimate Caster" */;
			compatibilityVersion = "Xcode 3.2";
			developmentRegion = English;
			hasScannedForEncodings = 0;
			knownRegions = (
				en,
				Base,
			);
			mainGroup = C9014B1C1AD0EFF2006BED3B;
			productRefGroup = C9014B261AD0EFF2006BED3B /* Products */;
			projectDirPath = "";
			projectRoot = "";
			targets = (
				C9014B241AD0EFF2006BED3B /* League Ultimate Caster */,
				C9014B371AD0EFF2006BED3B /* League Ultimate CasterTests */,
			);
		};
/* End PBXProject section */

/* Begin PBXResourcesBuildPhase section */
		C9014B231AD0EFF2006BED3B /* Resources */ = {
			isa = PBXResourcesBuildPhase;
			buildActionMask = 2147483647;
			files = (
				C9014B301AD0EFF2006BED3B /* Images.xcassets in Resources */,
				C9014B331AD0EFF2006BED3B /* MainMenu.xib in Resources */,
			);
			runOnlyForDeploymentPostprocessing = 0;
		};
		C9014B361AD0EFF2006BED3B /* Resources */ = {
			isa = PBXResourcesBuildPhase;
			buildActionMask = 2147483647;
			files = (
			);
			runOnlyForDeploymentPostprocessing = 0;
		};
/* End PBXResourcesBuildPhase section */

/* Begin PBXSourcesBuildPhase section */
		C9014B211AD0EFF2006BED3B /* Sources */ = {
			isa = PBXSourcesBuildPhase;
			buildActionMask = 2147483647;
			files = (
				C9014B2E1AD0EFF2006BED3B /* main.m in Sources */,
				C9014B2C1AD0EFF2006BED3B /* AppDelegate.m in Sources */,
			);
			runOnlyForDeploymentPostprocessing = 0;
		};
		C9014B341AD0EFF2006BED3B /* Sources */ = {
			isa = PBXSourcesBuildPhase;
			buildActionMask = 2147483647;
			files = (
				C9014B3F1AD0EFF2006BED3B /* Key_Press_TestTests.m in Sources */,
			);
			runOnlyForDeploymentPostprocessing = 0;
		};
/* End PBXSourcesBuildPhase section */

/* Begin PBXTargetDependency section */
		C9014B3A1AD0EFF2006BED3B /* PBXTargetDependency */ = {
			isa = PBXTargetDependency;
			target = C9014B241AD0EFF2006BED3B /* League Ultimate Caster */;
			targetProxy = C9014B391AD0EFF2006BED3B /* PBXContainerItemProxy */;
		};
/* End PBXTargetDependency section */

/* Begin PBXVariantGroup section */
		C9014B311AD0EFF2006BED3B /* MainMenu.xib */ = {
			isa = PBXVariantGroup;
			children = (
				C9014B321AD0EFF2006BED3B /* Base */,
			);
			name = MainMenu.xib;
			sourceTree = "<group>";
		};
/* End PBXVariantGroup section */

/* Begin XCBuildConfiguration section */
		C9014B401AD0EFF2006BED3B /* Debug */ = {
			isa = XCBuildConfiguration;
			buildSettings = {
				ALWAYS_SEARCH_USER_PATHS = NO;
				CLANG_CXX_LANGUAGE_STANDARD = "gnu++0x";
				CLANG_CXX_LIBRARY = "libc++";
				CLANG_ENABLE_MODULES = YES;
				CLANG_ENABLE_OBJC_ARC = YES;
				CLANG_WARN_BOOL_CONVERSION = YES;
				CLANG_WARN_CONSTANT_CONVERSION = YES;
				CLANG_WARN_DIRECT_OBJC_ISA_USAGE = YES_ERROR;
				CLANG_WARN_EMPTY_BODY = YES;
				CLANG_WARN_ENUM_CONVERSION = YES;
				CLANG_WARN_INT_CONVERSION = YES;
				CLANG_WARN_OBJC_ROOT_CLASS = YES_ERROR;
				CLANG_WARN_UNREACHABLE_CODE = YES;
				CLANG_WARN__DUPLICATE_METHOD_MATCH = YES;
				CODE_SIGN_IDENTITY = "-";
				COPY_PHASE_STRIP = NO;
				ENABLE_STRICT_OBJC_MSGSEND = YES;
				ENABLE_TESTABILITY = YES;
				GCC_C_LANGUAGE_STANDARD = gnu99;
				GCC_DYNAMIC_NO_PIC = NO;
				GCC_OPTIMIZATION_LEVEL = 0;
				GCC_PREPROCESSOR_DEFINITIONS = (
					"DEBUG=1",
					"$(inherited)",
				);
				GCC_SYMBOLS_PRIVATE_EXTERN = NO;
				GCC_WARN_64_TO_32_BIT_CONVERSION = YES;
				GCC_WARN_ABOUT_RETURN_TYPE = YES_ERROR;
				GCC_WARN_UNDECLARED_SELECTOR = YES;
				GCC_WARN_UNINITIALIZED_AUTOS = YES_AGGRESSIVE;
				GCC_WARN_UNUSED_FUNCTION = YES;
				GCC_WARN_UNUSED_VARIABLE = YES;
				MACOSX_DEPLOYMENT_TARGET = 10.10;
				MTL_ENABLE_DEBUG_INFO = YES;
				ONLY_ACTIVE_ARCH = YES;
				SDKROOT = macosx;
			};
			name = Debug;
		};
		C9014B411AD0EFF2006BED3B /* Release */ = {
			isa = XCBuildConfiguration;
			buildSettings = {
				ALWAYS_SEARCH_USER_PATHS = NO;
				CLANG_CXX_LANGUAGE_STANDARD = "gnu++0x";
				CLANG_CXX_LIBRARY = "libc++";
				CLANG_ENABLE_MODULES = YES;
				CLANG_ENABLE_OBJC_ARC = YES;
				CLANG_WARN_BOOL_CONVERSION = YES;
				CLANG_WARN_CONSTANT_CONVERSION = YES;
				CLANG_WARN_DIRECT_OBJC_ISA_USAGE = YES_ERROR;
				CLANG_WARN_EMPTY_BODY = YES;
				CLANG_WARN_ENUM_CONVERSION = YES;
				CLANG_WARN_INT_CONVERSION = YES;
				CLANG_WARN_OBJC_ROOT_CLASS = YES_ERROR;
				CLANG_WARN_UNREACHABLE_CODE = YES;
				CLANG_WARN__DUPLICATE_METHOD_MATCH = YES;
				CODE_SIGN_IDENTITY = "-";
				COPY_PHASE_STRIP = NO;
				DEBUG_INFORMATION_FORMAT = "dwarf-with-dsym";
				ENABLE_NS_ASSERTIONS = NO;
				ENABLE_STRICT_OBJC_MSGSEND = YES;
				GCC_C_LANGUAGE_STANDARD = gnu99;
				GCC_WARN_64_TO_32_BIT_CONVERSION = YES;
				GCC_WARN_ABOUT_RETURN_TYPE = YES_ERROR;
				GCC_WARN_UNDECLARED_SELECTOR = YES;
				GCC_WARN_UNINITIALIZED_AUTOS = YES_AGGRESSIVE;
				GCC_WARN_UNUSED_FUNCTION = YES;
				GCC_WARN_UNUSED_VARIABLE = YES;
				MACOSX_DEPLOYMENT_TARGET = 10.10;
				MTL_ENABLE_DEBUG_INFO = NO;
				SDKROOT = macosx;
			};
			name = Release;
		};
		C9014B431AD0EFF2006BED3B /* Debug */ = {
			isa = XCBuildConfiguration;
			buildSettings = {
				ASSETCATALOG_COMPILER_APPICON_NAME = "AppIcon-2";
				COMBINE_HIDPI_IMAGES = YES;
				INFOPLIST_FILE = "Key Press Test/Info.plist";
				LD_RUNPATH_SEARCH_PATHS = "$(inherited) @executable_path/../Frameworks";
				PRODUCT_BUNDLE_IDENTIFIER = "test.$(PRODUCT_NAME:rfc1034identifier)";
				PRODUCT_NAME = "League Ultimate Caster";
			};
			name = Debug;
		};
		C9014B441AD0EFF2006BED3B /* Release */ = {
			isa = XCBuildConfiguration;
			buildSettings = {
				ASSETCATALOG_COMPILER_APPICON_NAME = "AppIcon-2";
				COMBINE_HIDPI_IMAGES = YES;
				INFOPLIST_FILE = "Key Press Test/Info.plist";
				LD_RUNPATH_SEARCH_PATHS = "$(inherited) @executable_path/../Frameworks";
				PRODUCT_BUNDLE_IDENTIFIER = "test.$(PRODUCT_NAME:rfc1034identifier)";
				PRODUCT_NAME = "League Ultimate Caster";
			};
			name = Release;
		};
		C9014B461AD0EFF2006BED3B /* Debug */ = {
			isa = XCBuildConfiguration;
			buildSettings = {
				BUNDLE_LOADER = "$(TEST_HOST)";
				COMBINE_HIDPI_IMAGES = YES;
				FRAMEWORK_SEARCH_PATHS = (
					"$(DEVELOPER_FRAMEWORKS_DIR)",
					"$(inherited)",
				);
				GCC_PREPROCESSOR_DEFINITIONS = (
					"DEBUG=1",
					"$(inherited)",
				);
				INFOPLIST_FILE = "Key Press TestTests/Info.plist";
				LD_RUNPATH_SEARCH_PATHS = "$(inherited) @executable_path/../Frameworks @loader_path/../Frameworks";
				PRODUCT_BUNDLE_IDENTIFIER = "test.$(PRODUCT_NAME:rfc1034identifier)";
				PRODUCT_NAME = "League Ultimate CasterTests";
				TEST_HOST = "$(BUILT_PRODUCTS_DIR)/League Ultimate Caster.app/Contents/MacOS/League Ultimate Caster";
			};
			name = Debug;
		};
		C9014B471AD0EFF2006BED3B /* Release */ = {
			isa = XCBuildConfiguration;
			buildSettings = {
				BUNDLE_LOADER = "$(TEST_HOST)";
				COMBINE_HIDPI_IMAGES = YES;
				FRAMEWORK_SEARCH_PATHS = (
					"$(DEVELOPER_FRAMEWORKS_DIR)",
					"$(inherited)",
				);
				INFOPLIST_FILE = "Key Press TestTests/Info.plist";
				LD_RUNPATH_SEARCH_PATHS = "$(inherited) @executable_path/../Frameworks @loader_path/../Frameworks";
				PRODUCT_BUNDLE_IDENTIFIER = "test.$(PRODUCT_NAME:rfc1034identifier)";
				PRODUCT_NAME = "League Ultimate CasterTests";
				TEST_HOST = "$(BUILT_PRODUCTS_DIR)/League Ultimate Caster.app/Contents/MacOS/League Ultimate Caster";
			};
			name = Release;
		};
/* End XCBuildConfiguration section */

/* Begin XCConfigurationList section */
		C9014B201AD0EFF2006BED3B /* Build configuration list for PBXProject "League Ultimate Caster" */ = {
			isa = XCConfigurationList;
			buildConfigurations = (
				C9014B401AD0EFF2006BED3B /* Debug */,
				C9014B411AD0EFF2006BED3B /* Release */,
			);
			defaultConfigurationIsVisible = 0;
			defaultConfigurationName = Release;
		};
		C9014B421AD0EFF2006BED3B /* Build configuration list for PBXNativeTarget "League Ultimate Caster" */ = {
			isa = XCConfigurationList;
			buildConfigurations = (
				C9014B431AD0EFF2006BED3B /* Debug */,
				C9014B441AD0EFF2006BED3B /* Release */,
			);
			defaultConfigurationIsVisible = 0;
			defaultConfigurationName = Release;
		};
		C9014B451AD0EFF2006BED3B /* Build configuration list for PBXNativeTarget "League Ultimate CasterTests" */ = {
			isa = XCConfigurationList;
			buildConfigurations = (
				C9014B461AD0EFF2006BED3B /* Debug */,
				C9014B471AD0EFF2006BED3B /* Release */,
			);
			defaultConfigurationIsVisible = 0;
			defaultConfigurationName = Release;
		};
/* End XCConfigurationList section */
	};
	rootObject = C9014B1D1AD0EFF2006BED3B /* Project object */;
}
